
Microsoft Visual Studio Solution File, Format Version 12.00
# Visual Studio Version 17
VisualStudioVersion = 17.14.36121.58 d17.14
MinimumVisualStudioVersion = 10.0.40219.1
Project("{FAE04EC0-301F-11D3-BF4B-00C04F79EFBC}") = "RSVP_App", "RSVP_App\RSVP_App.csproj", "{F8730A9F-C686-403B-B59E-DCA9B40D65CB}"
EndProject
Global
	GlobalSection(SolutionConfigurationPlatforms) = preSolution
		Debug|Any CPU = Debug|Any CPU
		Release|Any CPU = Release|Any CPU
	EndGlobalSection
	GlobalSection(ProjectConfigurationPlatforms) = postSolution
		{F8730A9F-C686-403B-B59E-DCA9B40D65CB}.Debug|Any CPU.ActiveCfg = Debug|Any CPU
		{F8730A9F-C686-403B-B59E-DCA9B40D65CB}.Debug|Any CPU.Build.0 = Debug|Any CPU
		{F8730A9F-C686-403B-B59E-DCA9B40D65CB}.Release|Any CPU.ActiveCfg = Release|Any CPU
		{F8730A9F-C686-403B-B59E-DCA9B40D65CB}.Release|Any CPU.Build.0 = Release|Any CPU
	EndGlobalSection
	GlobalSection(SolutionProperties) = preSolution
		HideSolutionNode = FALSE
	EndGlobalSection
	GlobalSection(ExtensibilityGlobals) = postSolution
		SolutionGuid = {1055DAFF-2D08-4266-8C08-066C21A14870}
	EndGlobalSection
EndGlobal
